
Microsoft Visual Studio Solution File, Format Version 12.00
# Visual Studio Version 17
VisualStudioVersion = 17.1.32414.318
MinimumVisualStudioVersion = 10.0.40219.1
Project("{FAE04EC0-301F-11D3-BF4B-00C04F79EFBC}") = "SportApp", "SportApp\SportApp.csproj", "{3CC610FA-4274-4D66-890B-E5E87944917C}"
EndProject
Global
	GlobalSection(SolutionConfigurationPlatforms) = preSolution
		Debug|Any CPU = Debug|Any CPU
		Release|Any CPU = Release|Any CPU
	EndGlobalSection
	GlobalSection(ProjectConfigurationPlatforms) = postSolution
		{3CC610FA-4274-4D66-890B-E5E87944917C}.Debug|Any CPU.ActiveCfg = Debug|Any CPU
		{3CC610FA-4274-4D66-890B-E5E87944917C}.Debug|Any CPU.Build.0 = Debug|Any CPU
		{3CC610FA-4274-4D66-890B-E5E87944917C}.Release|Any CPU.ActiveCfg = Release|Any CPU
		{3CC610FA-4274-4D66-890B-E5E87944917C}.Release|Any CPU.Build.0 = Release|Any CPU
	EndGlobalSection
	GlobalSection(SolutionProperties) = preSolution
		HideSolutionNode = FALSE
	EndGlobalSection
	GlobalSection(ExtensibilityGlobals) = postSolution
		SolutionGuid = {58A59299-B4D4-4F34-91E6-EE31BC27D40A}
	EndGlobalSection
EndGlobal
